
Microsoft Visual Studio Solution File, Format Version 12.00
# Visual Studio Version 17
VisualStudioVersion = 17.0.31606.5
MinimumVisualStudioVersion = 10.0.40219.1
Project("{FAE04EC0-301F-11D3-BF4B-00C04F79EFBC}") = "OldCare.Core", "OldCare.Core\OldCare.Core.csproj", "{A09FE65C-0E29-4BF7-AE8D-AB45CF0D53E1}"
EndProject
Project("{FAE04EC0-301F-11D3-BF4B-00C04F79EFBC}") = "OldCare.Web", "OldCare.Web\OldCare.Web.csproj", "{5394001A-2263-4751-84D9-ADDE610670FB}"
EndProject
Global
	GlobalSection(SolutionConfigurationPlatforms) = preSolution
		Debug|Any CPU = Debug|Any CPU
		Release|Any CPU = Release|Any CPU
	EndGlobalSection
	GlobalSection(ProjectConfigurationPlatforms) = postSolution
		{A09FE65C-0E29-4BF7-AE8D-AB45CF0D53E1}.Debug|Any CPU.ActiveCfg = Debug|Any CPU
		{A09FE65C-0E29-4BF7-AE8D-AB45CF0D53E1}.Debug|Any CPU.Build.0 = Debug|Any CPU
		{A09FE65C-0E29-4BF7-AE8D-AB45CF0D53E1}.Release|Any CPU.ActiveCfg = Release|Any CPU
		{A09FE65C-0E29-4BF7-AE8D-AB45CF0D53E1}.Release|Any CPU.Build.0 = Release|Any CPU
		{5394001A-2263-4751-84D9-ADDE610670FB}.Debug|Any CPU.ActiveCfg = Debug|Any CPU
		{5394001A-2263-4751-84D9-ADDE610670FB}.Debug|Any CPU.Build.0 = Debug|Any CPU
		{5394001A-2263-4751-84D9-ADDE610670FB}.Release|Any CPU.ActiveCfg = Release|Any CPU
		{5394001A-2263-4751-84D9-ADDE610670FB}.Release|Any CPU.Build.0 = Release|Any CPU
	EndGlobalSection
	GlobalSection(SolutionProperties) = preSolution
		HideSolutionNode = FALSE
	EndGlobalSection
	GlobalSection(ExtensibilityGlobals) = postSolution
		SolutionGuid = {7F18BCA4-37AB-4093-A9FD-748C49467BA7}
	EndGlobalSection
EndGlobal
